// !$*UTF8*$!
{
	archiveVersion = 1;
	classes = {
	};
	objectVersion = 77;
	objects = {

/* Begin PBXAggregateTarget section */
		2101877A2F362E9400F32BE6 /* Periphery */ = {
			isa = PBXAggregateTarget;
			buildConfigurationList = 2101877E2F362E9400F32BE6 /* Build configuration list for PBXAggregateTarget "Periphery" */;
			buildPhases = (
				2101877F2F362EA600F32BE6 /* Peryphery */,
			);
			dependencies = (
			);
			name = Periphery;
			packageProductDependencies = (
			);
			productName = Periphery;
		};
/* End PBXAggregateTarget section */

/* Begin PBXBuildFile section */
		213007142F127B7900756ABF /* ARNetworkLibrary in Frameworks */ = {isa = PBXBuildFile; productRef = 213007132F127B7900756ABF /* ARNetworkLibrary */; };
		21920F312EC4A07B0008B108 /* Pulse in Frameworks */ = {isa = PBXBuildFile; productRef = 21920F302EC4A07B0008B108 /* Pulse */; };
		21920F332EC4A07B0008B108 /* PulseProxy in Frameworks */ = {isa = PBXBuildFile; productRef = 21920F322EC4A07B0008B108 /* PulseProxy */; };
		21920F352EC4A07B0008B108 /* PulseUI in Frameworks */ = {isa = PBXBuildFile; productRef = 21920F342EC4A07B0008B108 /* PulseUI */; };
		219CF38D2ED7668C00B14148 /* OfficeDodge.xctestplan in Resources */ = {isa = PBXBuildFile; fileRef = 219CF38C2ED7668C00B14148 /* OfficeDodge.xctestplan */; };
		21A5025C2F17BA6B00E2EBBB /* AppFeature in Frameworks */ = {isa = PBXBuildFile; productRef = 21A5025B2F17BA6B00E2EBBB /* AppFeature */; };
		21E9398B2EAF94AB0099A9DF /* CodeScanner in Frameworks */ = {isa = PBXBuildFile; productRef = 21E9398A2EAF94AB0099A9DF /* CodeScanner */; };
		21FF03652F0FCE42004C7EAD /* Sentry in Frameworks */ = {isa = PBXBuildFile; productRef = 21FF03642F0FCE42004C7EAD /* Sentry */; };
/* End PBXBuildFile section */

/* Begin PBXFileReference section */
		219CF38C2ED7668C00B14148 /* OfficeDodge.xctestplan */ = {isa = PBXFileReference; lastKnownFileType = text; path = OfficeDodge.xctestplan; sourceTree = "<group>"; };
		21C1A3402EA5706A0062DE90 /* OfficeDodge-Info.plist */ = {isa = PBXFileReference; lastKnownFileType = text.plist; path = "OfficeDodge-Info.plist"; sourceTree = "<group>"; };
		B3506E852DE32C4C00AAFC5D /* OfficeDodge.app */ = {isa = PBXFileReference; explicitFileType = wrapper.application; includeInIndex = 0; path = OfficeDodge.app; sourceTree = BUILT_PRODUCTS_DIR; };
/* End PBXFileReference section */

/* Begin PBXFileSystemSynchronizedRootGroup section */
		21BAEACE2F0AAE3200D9FDF2 /* Store */ = {
			isa = PBXFileSystemSynchronizedRootGroup;
			path = Store;
			sourceTree = "<group>";
		};
		B3506E872DE32C4C00AAFC5D /* OfficeDodge */ = {
			isa = PBXFileSystemSynchronizedRootGroup;
			path = OfficeDodge;
			sourceTree = "<group>";
		};
/* End PBXFileSystemSynchronizedRootGroup section */

/* Begin PBXFrameworksBuildPhase section */
		B3506E822DE32C4C00AAFC5D /* Frameworks */ = {
			isa = PBXFrameworksBuildPhase;
			buildActionMask = 2147483647;
			files = (
				21A5025C2F17BA6B00E2EBBB /* AppFeature in Frameworks */,
				21920F352EC4A07B0008B108 /* PulseUI in Frameworks */,
				21920F332EC4A07B0008B108 /* PulseProxy in Frameworks */,
				21920F312EC4A07B0008B108 /* Pulse in Frameworks */,
				213007142F127B7900756ABF /* ARNetworkLibrary in Frameworks */,
				21FF03652F0FCE42004C7EAD /* Sentry in Frameworks */,
				21E9398B2EAF94AB0099A9DF /* CodeScanner in Frameworks */,
			);
			runOnlyForDeploymentPostprocessing = 0;
		};
/* End PBXFrameworksBuildPhase section */

/* Begin PBXGroup section */
		21A502582F17BA6B00E2EBBB /* Frameworks */ = {
			isa = PBXGroup;
			children = (
			);
			name = Frameworks;
			sourceTree = "<group>";
		};
		B3506E7C2DE32C4C00AAFC5D = {
			isa = PBXGroup;
			children = (
				21BAEACE2F0AAE3200D9FDF2 /* Store */,
				219CF38C2ED7668C00B14148 /* OfficeDodge.xctestplan */,
				21C1A3402EA5706A0062DE90 /* OfficeDodge-Info.plist */,
				B3506E872DE32C4C00AAFC5D /* OfficeDodge */,
				21A502582F17BA6B00E2EBBB /* Frameworks */,
				B3506E862DE32C4C00AAFC5D /* Products */,
			);
			sourceTree = "<group>";
		};
		B3506E862DE32C4C00AAFC5D /* Products */ = {
			isa = PBXGroup;
			children = (
				B3506E852DE32C4C00AAFC5D /* OfficeDodge.app */,
			);
			name = Products;
			sourceTree = "<group>";
		};
/* End PBXGroup section */

/* Begin PBXNativeTarget section */
		B3506E842DE32C4C00AAFC5D /* OfficeDodge */ = {
			isa = PBXNativeTarget;
			buildConfigurationList = B3506E902DE32C4D00AAFC5D /* Build configuration list for PBXNativeTarget "OfficeDodge" */;
			buildPhases = (
				B3506E812DE32C4C00AAFC5D /* Sources */,
				B3506E822DE32C4C00AAFC5D /* Frameworks */,
				B3506E832DE32C4C00AAFC5D /* Resources */,
				D17FE1696A29484C929AAF2A /* Upload Debug Symbols to Sentry */,
			);
			buildRules = (
			);
			dependencies = (
			);
			fileSystemSynchronizedGroups = (
				21BAEACE2F0AAE3200D9FDF2 /* Store */,
				B3506E872DE32C4C00AAFC5D /* OfficeDodge */,
			);
			name = OfficeDodge;
			packageProductDependencies = (
				21E9398A2EAF94AB0099A9DF /* CodeScanner */,
				21920F302EC4A07B0008B108 /* Pulse */,
				21920F322EC4A07B0008B108 /* PulseProxy */,
				21920F342EC4A07B0008B108 /* PulseUI */,
				21FF03642F0FCE42004C7EAD /* Sentry */,
				213007132F127B7900756ABF /* ARNetworkLibrary */,
				21A5025B2F17BA6B00E2EBBB /* AppFeature */,
			);
			productName = OfficeDodge;
			productReference = B3506E852DE32C4C00AAFC5D /* OfficeDodge.app */;
			productType = "com.apple.product-type.application";
		};
/* End PBXNativeTarget section */

/* Begin PBXProject section */
		B3506E7D2DE32C4C00AAFC5D /* Project object */ = {
			isa = PBXProject;
			attributes = {
				BuildIndependentTargetsInParallel = 1;
				LastSwiftUpdateCheck = 2600;
				LastUpgradeCheck = 1630;
				TargetAttributes = {
					2101877A2F362E9400F32BE6 = {
						CreatedOnToolsVersion = 26.0.1;
					};
					B3506E842DE32C4C00AAFC5D = {
						CreatedOnToolsVersion = 16.3;
						LastSwiftMigration = 1630;
					};
				};
			};
			buildConfigurationList = B3506E802DE32C4C00AAFC5D /* Build configuration list for PBXProject "OfficeDodge" */;
			developmentRegion = it;
			hasScannedForEncodings = 0;
			knownRegions = (
				de,
				en,
				Base,
				fr,
				it,
			);
			mainGroup = B3506E7C2DE32C4C00AAFC5D;
			minimizedProjectReferenceProxies = 1;
			packageReferences = (
				21E939892EAF94AB0099A9DF /* XCRemoteSwiftPackageReference "CodeScanner" */,
				21920F2F2EC4A07B0008B108 /* XCRemoteSwiftPackageReference "Pulse" */,
				21FF03632F0FCE42004C7EAD /* XCRemoteSwiftPackageReference "sentry-cocoa" */,
				213007122F127B7900756ABF /* XCRemoteSwiftPackageReference "ARNetworkLibrary" */,
			);
			preferredProjectObjectVersion = 77;
			productRefGroup = B3506E862DE32C4C00AAFC5D /* Products */;
			projectDirPath = "";
			projectRoot = "";
			targets = (
				B3506E842DE32C4C00AAFC5D /* OfficeDodge */,
				2101877A2F362E9400F32BE6 /* Periphery */,
			);
		};
/* End PBXProject section */

/* Begin PBXResourcesBuildPhase section */
		B3506E832DE32C4C00AAFC5D /* Resources */ = {
			isa = PBXResourcesBuildPhase;
			buildActionMask = 2147483647;
			files = (
				219CF38D2ED7668C00B14148 /* OfficeDodge.xctestplan in Resources */,
			);
			runOnlyForDeploymentPostprocessing = 0;
		};
/* End PBXResourcesBuildPhase section */

/* Begin PBXShellScriptBuildPhase section */
		2101877F2F362EA600F32BE6 /* Peryphery */ = {
			isa = PBXShellScriptBuildPhase;
			buildActionMask = 2147483647;
			files = (
			);
			inputFileListPaths = (
			);
			inputPaths = (
			);
			name = Peryphery;
			outputFileListPaths = (
			);
			outputPaths = (
			);
			runOnlyForDeploymentPostprocessing = 0;
			shellPath = /bin/sh;
			shellScript = "set -euo pipefail\ncd \"$SRCROOT\"\n/usr/bin/env -i HOME=\"$HOME\" PATH=\"/opt/homebrew/bin:/usr/bin:/bin:/usr/sbin:/sbin\" TMPDIR=\"$TMPDIR\" /opt/homebrew/bin/periphery scan --config \"$SRCROOT/.periphery.yml\" --format xcode\n";
		};
		D17FE1696A29484C929AAF2A /* Upload Debug Symbols to Sentry */ = {
			isa = PBXShellScriptBuildPhase;
			buildActionMask = 2147483647;
			files = (
			);
			inputPaths = (
				"${DWARF_DSYM_FOLDER_PATH}/${DWARF_DSYM_FILE_NAME}/Contents/Resources/DWARF/${TARGET_NAME}",
			);
			name = "Upload Debug Symbols to Sentry";
			outputPaths = (
				"${DWARF_DSYM_FOLDER_PATH}/${DWARF_DSYM_FILE_NAME}",
			);
			runOnlyForDeploymentPostprocessing = 0;
			shellPath = /bin/sh;
			shellScript = "# This script is responsible for uploading debug symbols and source context for Sentry.\nif [ \"${CONFIGURATION}\" != \"Release\" ]; then\n  echo \"Skipping Sentry dSYM upload for ${CONFIGURATION}\"\n  exit 0\nfi\n\nif which sentry-cli >/dev/null; then\n  export SENTRY_ORG=aruffolo\n  export SENTRY_PROJECT=apple-ios\n  ERROR=$(sentry-cli debug-files upload --include-sources \"$DWARF_DSYM_FOLDER_PATH\" 2>&1 >/dev/null)\n  if [ ! $? -eq 0 ]; then\n    echo \"warning: sentry-cli - $ERROR\"\n  fi\nelse\n  echo \"warning: sentry-cli not installed, download from https://github.com/getsentry/sentry-cli/releases\"\nfi\n";
		};
/* End PBXShellScriptBuildPhase section */

/* Begin PBXSourcesBuildPhase section */
		B3506E812DE32C4C00AAFC5D /* Sources */ = {
			isa = PBXSourcesBuildPhase;
			buildActionMask = 2147483647;
			files = (
			);
			runOnlyForDeploymentPostprocessing = 0;
		};
/* End PBXSourcesBuildPhase section */

/* Begin XCBuildConfiguration section */
		2101877B2F362E9400F32BE6 /* Debug */ = {
			isa = XCBuildConfiguration;
			buildSettings = {
				CODE_SIGN_STYLE = Automatic;
				ENABLE_USER_SCRIPT_SANDBOXING = NO;
				PRODUCT_NAME = "$(TARGET_NAME)";
			};
			name = Debug;
		};
		2101877C2F362E9400F32BE6 /* DebugTesting */ = {
			isa = XCBuildConfiguration;
			buildSettings = {
				CODE_SIGN_STYLE = Automatic;
				ENABLE_USER_SCRIPT_SANDBOXING = NO;
				PRODUCT_NAME = "$(TARGET_NAME)";
			};
			name = DebugTesting;
		};
		2101877D2F362E9400F32BE6 /* Release */ = {
			isa = XCBuildConfiguration;
			buildSettings = {
				CODE_SIGN_STYLE = Automatic;
				ENABLE_USER_SCRIPT_SANDBOXING = NO;
				PRODUCT_NAME = "$(TARGET_NAME)";
			};
			name = Release;
		};
		21B6D6172EFF3F01009AAA6B /* DebugTesting */ = {
			isa = XCBuildConfiguration;
			baseConfigurationReferenceAnchor = B3506E872DE32C4C00AAFC5D /* OfficeDodge */;
			baseConfigurationReferenceRelativePath = Configurations/DebugTesting.xcconfig;
			buildSettings = {
				ALWAYS_SEARCH_USER_PATHS = NO;
				ASSETCATALOG_COMPILER_GENERATE_SWIFT_ASSET_SYMBOL_EXTENSIONS = YES;
				CLANG_ANALYZER_NONNULL = YES;
				CLANG_ANALYZER_NUMBER_OBJECT_CONVERSION = YES_AGGRESSIVE;
				CLANG_CXX_LANGUAGE_STANDARD = "gnu++20";
				CLANG_ENABLE_MODULES = YES;
				CLANG_ENABLE_OBJC_ARC = YES;
				CLANG_ENABLE_OBJC_WEAK = YES;
				CLANG_WARN_BLOCK_CAPTURE_AUTORELEASING = YES;
				CLANG_WARN_BOOL_CONVERSION = YES;
				CLANG_WARN_COMMA = YES;
				CLANG_WARN_CONSTANT_CONVERSION = YES;
				CLANG_WARN_DEPRECATED_OBJC_IMPLEMENTATIONS = YES;
				CLANG_WARN_DIRECT_OBJC_ISA_USAGE = YES_ERROR;
				CLANG_WARN_DOCUMENTATION_COMMENTS = YES;
				CLANG_WARN_EMPTY_BODY = YES;
				CLANG_WARN_ENUM_CONVERSION = YES;
				CLANG_WARN_INFINITE_RECURSION = YES;
				CLANG_WARN_INT_CONVERSION = YES;
				CLANG_WARN_NON_LITERAL_NULL_CONVERSION = YES;
				CLANG_WARN_OBJC_IMPLICIT_RETAIN_SELF = YES;
				CLANG_WARN_OBJC_LITERAL_CONVERSION = YES;
				CLANG_WARN_OBJC_ROOT_CLASS = YES_ERROR;
				CLANG_WARN_QUOTED_INCLUDE_IN_FRAMEWORK_HEADER = YES;
				CLANG_WARN_RANGE_LOOP_ANALYSIS = YES;
				CLANG_WARN_STRICT_PROTOTYPES = YES;
				CLANG_WARN_SUSPICIOUS_MOVE = YES;
				CLANG_WARN_UNGUARDED_AVAILABILITY = YES_AGGRESSIVE;
				CLANG_WARN_UNREACHABLE_CODE = YES;
				CLANG_WARN__DUPLICATE_METHOD_MATCH = YES;
				COPY_PHASE_STRIP = NO;
				DEBUG_INFORMATION_FORMAT = dwarf;
				DEVELOPMENT_TEAM = "";
				ENABLE_STRICT_OBJC_MSGSEND = YES;
				ENABLE_TESTABILITY = YES;
				ENABLE_USER_SCRIPT_SANDBOXING = YES;
				GCC_C_LANGUAGE_STANDARD = gnu17;
				GCC_DYNAMIC_NO_PIC = NO;
				GCC_NO_COMMON_BLOCKS = YES;
				GCC_OPTIMIZATION_LEVEL = 0;
				GCC_PREPROCESSOR_DEFINITIONS = (
					"DEBUG=1",
					"$(inherited)",
				);
				GCC_WARN_64_TO_32_BIT_CONVERSION = YES;
				GCC_WARN_ABOUT_RETURN_TYPE = YES_ERROR;
				GCC_WARN_UNDECLARED_SELECTOR = YES;
				GCC_WARN_UNINITIALIZED_AUTOS = YES_AGGRESSIVE;
				GCC_WARN_UNUSED_FUNCTION = YES;
				GCC_WARN_UNUSED_VARIABLE = YES;
				IPHONEOS_DEPLOYMENT_TARGET = 18.4;
				LOCALIZATION_PREFERS_STRING_CATALOGS = YES;
				MTL_ENABLE_DEBUG_INFO = INCLUDE_SOURCE;
				MTL_FAST_MATH = YES;
				ONLY_ACTIVE_ARCH = YES;
				OTHER_LDFLAGS = (
					"-Xlinker",
					"-interposable",
				);
				SDKROOT = iphoneos;
				SWIFT_ACTIVE_COMPILATION_CONDITIONS = "DEBUG $(inherited)";
				SWIFT_OPTIMIZATION_LEVEL = "-Onone";
			};
			name = DebugTesting;
		};
		21B6D6182EFF3F01009AAA6B /* DebugTesting */ = {
			isa = XCBuildConfiguration;
			baseConfigurationReferenceAnchor = B3506E872DE32C4C00AAFC5D /* OfficeDodge */;
			baseConfigurationReferenceRelativePath = Configurations/DebugTesting.xcconfig;
			buildSettings = {
				ASSETCATALOG_COMPILER_APPICON_NAME = AppIcon;
				ASSETCATALOG_COMPILER_GLOBAL_ACCENT_COLOR_NAME = AccentColor;
				CLANG_ENABLE_MODULES = YES;
				"CODE_SIGN_IDENTITY[sdk=iphoneos*]" = "iPhone Developer";
				CODE_SIGN_STYLE = Automatic;
				CURRENT_PROJECT_VERSION = 8;
				DEBUG_INFORMATION_FORMAT = "dwarf-with-dsym";
				DEVELOPMENT_TEAM = "";
				"DEVELOPMENT_TEAM[sdk=iphoneos*]" = "";
				EMIT_FRONTEND_COMMAND_LINES = NO;
				ENABLE_PREVIEWS = YES;
				ENABLE_USER_SCRIPT_SANDBOXING = NO;
				GENERATE_INFOPLIST_FILE = YES;
				INFOPLIST_FILE = "OfficeDodge-Info.plist";
				INFOPLIST_KEY_CFBundleDisplayName = "Office Dodge";
				INFOPLIST_KEY_LSApplicationCategoryType = "public.app-category.food-and-drink";
				INFOPLIST_KEY_NSCameraUsageDescription = "Consenti l'accesso alla camera per poter fare foto della tua preparazione";
				INFOPLIST_KEY_NSRemindersUsageDescription = "Usiamo Promemoria per ricordarti i passaggi della ricetta";
				INFOPLIST_KEY_UIApplicationSceneManifest_Generation = YES;
				INFOPLIST_KEY_UIApplicationSupportsIndirectInputEvents = YES;
				INFOPLIST_KEY_UILaunchScreen_Generation = YES;
				INFOPLIST_KEY_UISupportedInterfaceOrientations = UIInterfaceOrientationPortrait;
				INFOPLIST_KEY_UISupportedInterfaceOrientations_iPad = "UIInterfaceOrientationLandscapeLeft UIInterfaceOrientationLandscapeRight UIInterfaceOrientationPortrait UIInterfaceOrientationPortraitUpsideDown";
				INFOPLIST_KEY_UIUserInterfaceStyle = Light;
				IPHONEOS_DEPLOYMENT_TARGET = 17.0;
				LD_RUNPATH_SEARCH_PATHS = (
					"$(inherited)",
					"@executable_path/Frameworks",
				);
				MARKETING_VERSION = 1.0;
				PRODUCT_BUNDLE_IDENTIFIER = com.officedodge.app;
				PROVISIONING_PROFILE_SPECIFIER = "";
				"PROVISIONING_PROFILE_SPECIFIER[sdk=iphoneos*]" = "";
				SWIFT_EMIT_LOC_STRINGS = YES;
				SWIFT_OPTIMIZATION_LEVEL = "-Onone";
				SWIFT_VERSION = 5.0;
				TARGETED_DEVICE_FAMILY = "1,2";
			};
			name = DebugTesting;
		};
		B3506E8E2DE32C4D00AAFC5D /* Debug */ = {
			isa = XCBuildConfiguration;
			baseConfigurationReferenceAnchor = B3506E872DE32C4C00AAFC5D /* OfficeDodge */;
			baseConfigurationReferenceRelativePath = Configurations/DebugConfig.xcconfig;
			buildSettings = {
				ALWAYS_SEARCH_USER_PATHS = NO;
				ASSETCATALOG_COMPILER_GENERATE_SWIFT_ASSET_SYMBOL_EXTENSIONS = YES;
				CLANG_ANALYZER_NONNULL = YES;
				CLANG_ANALYZER_NUMBER_OBJECT_CONVERSION = YES_AGGRESSIVE;
				CLANG_CXX_LANGUAGE_STANDARD = "gnu++20";
				CLANG_ENABLE_MODULES = YES;
				CLANG_ENABLE_OBJC_ARC = YES;
				CLANG_ENABLE_OBJC_WEAK = YES;
				CLANG_WARN_BLOCK_CAPTURE_AUTORELEASING = YES;
				CLANG_WARN_BOOL_CONVERSION = YES;
				CLANG_WARN_COMMA = YES;
				CLANG_WARN_CONSTANT_CONVERSION = YES;
				CLANG_WARN_DEPRECATED_OBJC_IMPLEMENTATIONS = YES;
				CLANG_WARN_DIRECT_OBJC_ISA_USAGE = YES_ERROR;
				CLANG_WARN_DOCUMENTATION_COMMENTS = YES;
				CLANG_WARN_EMPTY_BODY = YES;
				CLANG_WARN_ENUM_CONVERSION = YES;
				CLANG_WARN_INFINITE_RECURSION = YES;
				CLANG_WARN_INT_CONVERSION = YES;
				CLANG_WARN_NON_LITERAL_NULL_CONVERSION = YES;
				CLANG_WARN_OBJC_IMPLICIT_RETAIN_SELF = YES;
				CLANG_WARN_OBJC_LITERAL_CONVERSION = YES;
				CLANG_WARN_OBJC_ROOT_CLASS = YES_ERROR;
				CLANG_WARN_QUOTED_INCLUDE_IN_FRAMEWORK_HEADER = YES;
				CLANG_WARN_RANGE_LOOP_ANALYSIS = YES;
				CLANG_WARN_STRICT_PROTOTYPES = YES;
				CLANG_WARN_SUSPICIOUS_MOVE = YES;
				CLANG_WARN_UNGUARDED_AVAILABILITY = YES_AGGRESSIVE;
				CLANG_WARN_UNREACHABLE_CODE = YES;
				CLANG_WARN__DUPLICATE_METHOD_MATCH = YES;
				COPY_PHASE_STRIP = NO;
				DEBUG_INFORMATION_FORMAT = dwarf;
				DEVELOPMENT_TEAM = "";
				ENABLE_STRICT_OBJC_MSGSEND = YES;
				ENABLE_TESTABILITY = YES;
				ENABLE_USER_SCRIPT_SANDBOXING = YES;
				GCC_C_LANGUAGE_STANDARD = gnu17;
				GCC_DYNAMIC_NO_PIC = NO;
				GCC_NO_COMMON_BLOCKS = YES;
				GCC_OPTIMIZATION_LEVEL = 0;
				GCC_PREPROCESSOR_DEFINITIONS = (
					"DEBUG=1",
					"$(inherited)",
				);
				GCC_WARN_64_TO_32_BIT_CONVERSION = YES;
				GCC_WARN_ABOUT_RETURN_TYPE = YES_ERROR;
				GCC_WARN_UNDECLARED_SELECTOR = YES;
				GCC_WARN_UNINITIALIZED_AUTOS = YES_AGGRESSIVE;
				GCC_WARN_UNUSED_FUNCTION = YES;
				GCC_WARN_UNUSED_VARIABLE = YES;
				IPHONEOS_DEPLOYMENT_TARGET = 18.4;
				LOCALIZATION_PREFERS_STRING_CATALOGS = YES;
				MTL_ENABLE_DEBUG_INFO = INCLUDE_SOURCE;
				MTL_FAST_MATH = YES;
				ONLY_ACTIVE_ARCH = YES;
				OTHER_LDFLAGS = (
					"-Xlinker",
					"-interposable",
				);
				SDKROOT = iphoneos;
				SWIFT_ACTIVE_COMPILATION_CONDITIONS = "DEBUG $(inherited)";
				SWIFT_OPTIMIZATION_LEVEL = "-Onone";
			};
			name = Debug;
		};
		B3506E8F2DE32C4D00AAFC5D /* Release */ = {
			isa = XCBuildConfiguration;
			baseConfigurationReferenceAnchor = B3506E872DE32C4C00AAFC5D /* OfficeDodge */;
			baseConfigurationReferenceRelativePath = Configurations/ReleaseConfig.xcconfig;
			buildSettings = {
				ALWAYS_SEARCH_USER_PATHS = NO;
				ASSETCATALOG_COMPILER_GENERATE_SWIFT_ASSET_SYMBOL_EXTENSIONS = YES;
				CLANG_ANALYZER_NONNULL = YES;
				CLANG_ANALYZER_NUMBER_OBJECT_CONVERSION = YES_AGGRESSIVE;
				CLANG_CXX_LANGUAGE_STANDARD = "gnu++20";
				CLANG_ENABLE_MODULES = YES;
				CLANG_ENABLE_OBJC_ARC = YES;
				CLANG_ENABLE_OBJC_WEAK = YES;
				CLANG_WARN_BLOCK_CAPTURE_AUTORELEASING = YES;
				CLANG_WARN_BOOL_CONVERSION = YES;
				CLANG_WARN_COMMA = YES;
				CLANG_WARN_CONSTANT_CONVERSION = YES;
				CLANG_WARN_DEPRECATED_OBJC_IMPLEMENTATIONS = YES;
				CLANG_WARN_DIRECT_OBJC_ISA_USAGE = YES_ERROR;
				CLANG_WARN_DOCUMENTATION_COMMENTS = YES;
				CLANG_WARN_EMPTY_BODY = YES;
				CLANG_WARN_ENUM_CONVERSION = YES;
				CLANG_WARN_INFINITE_RECURSION = YES;
				CLANG_WARN_INT_CONVERSION = YES;
				CLANG_WARN_NON_LITERAL_NULL_CONVERSION = YES;
				CLANG_WARN_OBJC_IMPLICIT_RETAIN_SELF = YES;
				CLANG_WARN_OBJC_LITERAL_CONVERSION = YES;
				CLANG_WARN_OBJC_ROOT_CLASS = YES_ERROR;
				CLANG_WARN_QUOTED_INCLUDE_IN_FRAMEWORK_HEADER = YES;
				CLANG_WARN_RANGE_LOOP_ANALYSIS = YES;
				CLANG_WARN_STRICT_PROTOTYPES = YES;
				CLANG_WARN_SUSPICIOUS_MOVE = YES;
				CLANG_WARN_UNGUARDED_AVAILABILITY = YES_AGGRESSIVE;
				CLANG_WARN_UNREACHABLE_CODE = YES;
				CLANG_WARN__DUPLICATE_METHOD_MATCH = YES;
				COPY_PHASE_STRIP = NO;
				DEBUG_INFORMATION_FORMAT = "dwarf-with-dsym";
				DEVELOPMENT_TEAM = "";
				ENABLE_NS_ASSERTIONS = NO;
				ENABLE_STRICT_OBJC_MSGSEND = YES;
				ENABLE_USER_SCRIPT_SANDBOXING = YES;
				GCC_C_LANGUAGE_STANDARD = gnu17;
				GCC_NO_COMMON_BLOCKS = YES;
				GCC_WARN_64_TO_32_BIT_CONVERSION = YES;
				GCC_WARN_ABOUT_RETURN_TYPE = YES_ERROR;
				GCC_WARN_UNDECLARED_SELECTOR = YES;
				GCC_WARN_UNINITIALIZED_AUTOS = YES_AGGRESSIVE;
				GCC_WARN_UNUSED_FUNCTION = YES;
				GCC_WARN_UNUSED_VARIABLE = YES;
				IPHONEOS_DEPLOYMENT_TARGET = 18.4;
				LOCALIZATION_PREFERS_STRING_CATALOGS = YES;
				MTL_ENABLE_DEBUG_INFO = NO;
				MTL_FAST_MATH = YES;
				OTHER_LDFLAGS = "";
				SDKROOT = iphoneos;
				SWIFT_COMPILATION_MODE = wholemodule;
				VALIDATE_PRODUCT = YES;
			};
			name = Release;
		};
		B3506E912DE32C4D00AAFC5D /* Debug */ = {
			isa = XCBuildConfiguration;
			baseConfigurationReferenceAnchor = B3506E872DE32C4C00AAFC5D /* OfficeDodge */;
			baseConfigurationReferenceRelativePath = Configurations/DebugConfig.xcconfig;
			buildSettings = {
				ASSETCATALOG_COMPILER_APPICON_NAME = AppIcon;
				ASSETCATALOG_COMPILER_GLOBAL_ACCENT_COLOR_NAME = AccentColor;
				CLANG_ENABLE_MODULES = YES;
				"CODE_SIGN_IDENTITY[sdk=iphoneos*]" = "iPhone Developer";
				CODE_SIGN_STYLE = Automatic;
				CURRENT_PROJECT_VERSION = 8;
				DEBUG_INFORMATION_FORMAT = "dwarf-with-dsym";
				DEVELOPMENT_TEAM = "";
				"DEVELOPMENT_TEAM[sdk=iphoneos*]" = "";
				EMIT_FRONTEND_COMMAND_LINES = YES;
				ENABLE_PREVIEWS = YES;
				ENABLE_USER_SCRIPT_SANDBOXING = NO;
				GENERATE_INFOPLIST_FILE = YES;
				INFOPLIST_FILE = "OfficeDodge-Info.plist";
				INFOPLIST_KEY_CFBundleDisplayName = "Office Dodge";
				INFOPLIST_KEY_LSApplicationCategoryType = "public.app-category.food-and-drink";
				INFOPLIST_KEY_NSCameraUsageDescription = "Consenti l'accesso alla camera per poter fare foto della tua preparazione";
				INFOPLIST_KEY_NSRemindersUsageDescription = "Usiamo Promemoria per ricordarti i passaggi della ricetta";
				INFOPLIST_KEY_UIApplicationSceneManifest_Generation = YES;
				INFOPLIST_KEY_UIApplicationSupportsIndirectInputEvents = YES;
				INFOPLIST_KEY_UILaunchScreen_Generation = YES;
				INFOPLIST_KEY_UISupportedInterfaceOrientations = UIInterfaceOrientationPortrait;
				INFOPLIST_KEY_UISupportedInterfaceOrientations_iPad = "UIInterfaceOrientationLandscapeLeft UIInterfaceOrientationLandscapeRight UIInterfaceOrientationPortrait UIInterfaceOrientationPortraitUpsideDown";
				INFOPLIST_KEY_UIUserInterfaceStyle = Light;
				IPHONEOS_DEPLOYMENT_TARGET = 17.0;
				LD_RUNPATH_SEARCH_PATHS = (
					"$(inherited)",
					"@executable_path/Frameworks",
				);
				MARKETING_VERSION = 1.0;
				PRODUCT_BUNDLE_IDENTIFIER = com.officedodge.app;
				PROVISIONING_PROFILE_SPECIFIER = "";
				"PROVISIONING_PROFILE_SPECIFIER[sdk=iphoneos*]" = "";
				SWIFT_EMIT_LOC_STRINGS = YES;
				SWIFT_OPTIMIZATION_LEVEL = "-Onone";
				SWIFT_VERSION = 5.0;
				TARGETED_DEVICE_FAMILY = "1,2";
			};
			name = Debug;
		};
		B3506E922DE32C4D00AAFC5D /* Release */ = {
			isa = XCBuildConfiguration;
			baseConfigurationReferenceAnchor = B3506E872DE32C4C00AAFC5D /* OfficeDodge */;
			baseConfigurationReferenceRelativePath = Configurations/ReleaseConfig.xcconfig;
			buildSettings = {
				ASSETCATALOG_COMPILER_APPICON_NAME = AppIcon;
				ASSETCATALOG_COMPILER_GLOBAL_ACCENT_COLOR_NAME = AccentColor;
				CLANG_ENABLE_MODULES = YES;
				"CODE_SIGN_IDENTITY[sdk=iphoneos*]" = "iPhone Distribution";
				CODE_SIGN_STYLE = Automatic;
				CURRENT_PROJECT_VERSION = 8;
				DEBUG_INFORMATION_FORMAT = "dwarf-with-dsym";
				DEVELOPMENT_TEAM = "";
				"DEVELOPMENT_TEAM[sdk=iphoneos*]" = "";
				EMIT_FRONTEND_COMMAND_LINES = NO;
				ENABLE_PREVIEWS = YES;
				ENABLE_USER_SCRIPT_SANDBOXING = NO;
				GENERATE_INFOPLIST_FILE = YES;
				INFOPLIST_FILE = "OfficeDodge-Info.plist";
				INFOPLIST_KEY_CFBundleDisplayName = "Office Dodge";
				INFOPLIST_KEY_LSApplicationCategoryType = "public.app-category.food-and-drink";
				INFOPLIST_KEY_NSCameraUsageDescription = "Consenti l'accesso alla camera per poter fare foto della tua preparazione";
				INFOPLIST_KEY_NSRemindersUsageDescription = "Usiamo Promemoria per ricordarti i passaggi della ricetta";
				INFOPLIST_KEY_UIApplicationSceneManifest_Generation = YES;
				INFOPLIST_KEY_UIApplicationSupportsIndirectInputEvents = YES;
				INFOPLIST_KEY_UILaunchScreen_Generation = YES;
				INFOPLIST_KEY_UISupportedInterfaceOrientations = UIInterfaceOrientationPortrait;
				INFOPLIST_KEY_UISupportedInterfaceOrientations_iPad = "UIInterfaceOrientationLandscapeLeft UIInterfaceOrientationLandscapeRight UIInterfaceOrientationPortrait UIInterfaceOrientationPortraitUpsideDown";
				INFOPLIST_KEY_UIUserInterfaceStyle = Light;
				IPHONEOS_DEPLOYMENT_TARGET = 17.0;
				LD_RUNPATH_SEARCH_PATHS = (
					"$(inherited)",
					"@executable_path/Frameworks",
				);
				MARKETING_VERSION = 1.0;
				PRODUCT_BUNDLE_IDENTIFIER = com.officedodge.app;
				PROVISIONING_PROFILE_SPECIFIER = "";
				"PROVISIONING_PROFILE_SPECIFIER[sdk=iphoneos*]" = "";
				SWIFT_EMIT_LOC_STRINGS = YES;
				SWIFT_VERSION = 5.0;
				TARGETED_DEVICE_FAMILY = "1,2";
			};
			name = Release;
		};
/* End XCBuildConfiguration section */

/* Begin XCConfigurationList section */
		2101877E2F362E9400F32BE6 /* Build configuration list for PBXAggregateTarget "Periphery" */ = {
			isa = XCConfigurationList;
			buildConfigurations = (
				2101877B2F362E9400F32BE6 /* Debug */,
				2101877C2F362E9400F32BE6 /* DebugTesting */,
				2101877D2F362E9400F32BE6 /* Release */,
			);
			defaultConfigurationIsVisible = 0;
			defaultConfigurationName = Release;
		};
		B3506E802DE32C4C00AAFC5D /* Build configuration list for PBXProject "OfficeDodge" */ = {
			isa = XCConfigurationList;
			buildConfigurations = (
				B3506E8E2DE32C4D00AAFC5D /* Debug */,
				21B6D6172EFF3F01009AAA6B /* DebugTesting */,
				B3506E8F2DE32C4D00AAFC5D /* Release */,
			);
			defaultConfigurationIsVisible = 0;
			defaultConfigurationName = Release;
		};
		B3506E902DE32C4D00AAFC5D /* Build configuration list for PBXNativeTarget "OfficeDodge" */ = {
			isa = XCConfigurationList;
			buildConfigurations = (
				B3506E912DE32C4D00AAFC5D /* Debug */,
				21B6D6182EFF3F01009AAA6B /* DebugTesting */,
				B3506E922DE32C4D00AAFC5D /* Release */,
			);
			defaultConfigurationIsVisible = 0;
			defaultConfigurationName = Release;
		};
/* End XCConfigurationList section */

/* Begin XCRemoteSwiftPackageReference section */
		213007122F127B7900756ABF /* XCRemoteSwiftPackageReference "ARNetworkLibrary" */ = {
			isa = XCRemoteSwiftPackageReference;
			repositoryURL = "git@github.com:aruffolo/ARNetworkLibrary.git";
			requirement = {
				kind = upToNextMajorVersion;
				minimumVersion = 0.9.1;
			};
		};
		21920F2F2EC4A07B0008B108 /* XCRemoteSwiftPackageReference "Pulse" */ = {
			isa = XCRemoteSwiftPackageReference;
			repositoryURL = "https://github.com/kean/Pulse";
			requirement = {
				kind = upToNextMajorVersion;
				minimumVersion = 5.1.4;
			};
		};
		21E939892EAF94AB0099A9DF /* XCRemoteSwiftPackageReference "CodeScanner" */ = {
			isa = XCRemoteSwiftPackageReference;
			repositoryURL = "https://github.com/twostraws/CodeScanner.git";
			requirement = {
				kind = upToNextMajorVersion;
				minimumVersion = 2.5.2;
			};
		};
		21FF03632F0FCE42004C7EAD /* XCRemoteSwiftPackageReference "sentry-cocoa" */ = {
			isa = XCRemoteSwiftPackageReference;
			repositoryURL = "https://github.com/getsentry/sentry-cocoa";
			requirement = {
				kind = upToNextMajorVersion;
				minimumVersion = 9.1.0;
			};
		};
/* End XCRemoteSwiftPackageReference section */

/* Begin XCSwiftPackageProductDependency section */
		213007132F127B7900756ABF /* ARNetworkLibrary */ = {
			isa = XCSwiftPackageProductDependency;
			package = 213007122F127B7900756ABF /* XCRemoteSwiftPackageReference "ARNetworkLibrary" */;
			productName = ARNetworkLibrary;
		};
		21920F302EC4A07B0008B108 /* Pulse */ = {
			isa = XCSwiftPackageProductDependency;
			package = 21920F2F2EC4A07B0008B108 /* XCRemoteSwiftPackageReference "Pulse" */;
			productName = Pulse;
		};
		21920F322EC4A07B0008B108 /* PulseProxy */ = {
			isa = XCSwiftPackageProductDependency;
			package = 21920F2F2EC4A07B0008B108 /* XCRemoteSwiftPackageReference "Pulse" */;
			productName = PulseProxy;
		};
		21920F342EC4A07B0008B108 /* PulseUI */ = {
			isa = XCSwiftPackageProductDependency;
			package = 21920F2F2EC4A07B0008B108 /* XCRemoteSwiftPackageReference "Pulse" */;
			productName = PulseUI;
		};
		21A5025B2F17BA6B00E2EBBB /* AppFeature */ = {
			isa = XCSwiftPackageProductDependency;
			productName = AppFeature;
		};
		21E9398A2EAF94AB0099A9DF /* CodeScanner */ = {
			isa = XCSwiftPackageProductDependency;
			package = 21E939892EAF94AB0099A9DF /* XCRemoteSwiftPackageReference "CodeScanner" */;
			productName = CodeScanner;
		};
		21FF03642F0FCE42004C7EAD /* Sentry */ = {
			isa = XCSwiftPackageProductDependency;
			package = 21FF03632F0FCE42004C7EAD /* XCRemoteSwiftPackageReference "sentry-cocoa" */;
			productName = Sentry;
		};
/* End XCSwiftPackageProductDependency section */
	};
	rootObject = B3506E7D2DE32C4C00AAFC5D /* Project object */;
}
